
Microsoft Visual Studio Solution File, Format Version 12.00
# Visual Studio 2012
Project("{FAE04EC0-301F-11D3-BF4B-00C04F79EFBC}") = "Cats", "Cats\Cats.csproj", "{ED4E28EE-6447-4149-A4B4-B35AF4727C26}"
EndProject
Project("{FAE04EC0-301F-11D3-BF4B-00C04F79EFBC}") = "Cats.iOS", "iOS\Cats.iOS.csproj", "{637FDF07-4C31-404C-BE47-D3AC7EDCE804}"
EndProject
Project("{FAE04EC0-301F-11D3-BF4B-00C04F79EFBC}") = "Cats.Droid", "Droid\Cats.Droid.csproj", "{12ACDBF6-A069-4056-9093-927DC473E200}"
EndProject
Global
	GlobalSection(SolutionConfigurationPlatforms) = preSolution
		Debug|Any CPU = Debug|Any CPU
		Release|Any CPU = Release|Any CPU
		Debug|iPhoneSimulator = Debug|iPhoneSimulator
		Release|iPhone = Release|iPhone
		Release|iPhoneSimulator = Release|iPhoneSimulator
		Debug|iPhone = Debug|iPhone
	EndGlobalSection
	GlobalSection(ProjectConfigurationPlatforms) = postSolution
		{ED4E28EE-6447-4149-A4B4-B35AF4727C26}.Debug|Any CPU.ActiveCfg = Debug|Any CPU
		{ED4E28EE-6447-4149-A4B4-B35AF4727C26}.Debug|Any CPU.Build.0 = Debug|Any CPU
		{ED4E28EE-6447-4149-A4B4-B35AF4727C26}.Release|Any CPU.ActiveCfg = Release|Any CPU
		{ED4E28EE-6447-4149-A4B4-B35AF4727C26}.Release|Any CPU.Build.0 = Release|Any CPU
		{ED4E28EE-6447-4149-A4B4-B35AF4727C26}.Debug|iPhoneSimulator.ActiveCfg = Debug|Any CPU
		{ED4E28EE-6447-4149-A4B4-B35AF4727C26}.Debug|iPhoneSimulator.Build.0 = Debug|Any CPU
		{ED4E28EE-6447-4149-A4B4-B35AF4727C26}.Release|iPhone.ActiveCfg = Release|Any CPU
		{ED4E28EE-6447-4149-A4B4-B35AF4727C26}.Release|iPhone.Build.0 = Release|Any CPU
		{ED4E28EE-6447-4149-A4B4-B35AF4727C26}.Release|iPhoneSimulator.ActiveCfg = Release|Any CPU
		{ED4E28EE-6447-4149-A4B4-B35AF4727C26}.Release|iPhoneSimulator.Build.0 = Release|Any CPU
		{ED4E28EE-6447-4149-A4B4-B35AF4727C26}.Debug|iPhone.ActiveCfg = Debug|Any CPU
		{ED4E28EE-6447-4149-A4B4-B35AF4727C26}.Debug|iPhone.Build.0 = Debug|Any CPU
		{637FDF07-4C31-404C-BE47-D3AC7EDCE804}.Debug|Any CPU.ActiveCfg = Debug|iPhoneSimulator
		{637FDF07-4C31-404C-BE47-D3AC7EDCE804}.Debug|Any CPU.Build.0 = Debug|iPhoneSimulator
		{637FDF07-4C31-404C-BE47-D3AC7EDCE804}.Release|Any CPU.ActiveCfg = Release|iPhone
		{637FDF07-4C31-404C-BE47-D3AC7EDCE804}.Release|Any CPU.Build.0 = Release|iPhone
		{637FDF07-4C31-404C-BE47-D3AC7EDCE804}.Debug|iPhoneSimulator.ActiveCfg = Debug|iPhoneSimulator
		{637FDF07-4C31-404C-BE47-D3AC7EDCE804}.Debug|iPhoneSimulator.Build.0 = Debug|iPhoneSimulator
		{637FDF07-4C31-404C-BE47-D3AC7EDCE804}.Release|iPhone.ActiveCfg = Release|iPhone
		{637FDF07-4C31-404C-BE47-D3AC7EDCE804}.Release|iPhone.Build.0 = Release|iPhone
		{637FDF07-4C31-404C-BE47-D3AC7EDCE804}.Release|iPhoneSimulator.ActiveCfg = Release|iPhoneSimulator
		{637FDF07-4C31-404C-BE47-D3AC7EDCE804}.Release|iPhoneSimulator.Build.0 = Release|iPhoneSimulator
		{637FDF07-4C31-404C-BE47-D3AC7EDCE804}.Debug|iPhone.ActiveCfg = Debug|iPhone
		{637FDF07-4C31-404C-BE47-D3AC7EDCE804}.Debug|iPhone.Build.0 = Debug|iPhone
		{12ACDBF6-A069-4056-9093-927DC473E200}.Debug|Any CPU.ActiveCfg = Debug|Any CPU
		{12ACDBF6-A069-4056-9093-927DC473E200}.Debug|Any CPU.Build.0 = Debug|Any CPU
		{12ACDBF6-A069-4056-9093-927DC473E200}.Release|Any CPU.ActiveCfg = Release|Any CPU
		{12ACDBF6-A069-4056-9093-927DC473E200}.Release|Any CPU.Build.0 = Release|Any CPU
		{12ACDBF6-A069-4056-9093-927DC473E200}.Debug|iPhoneSimulator.ActiveCfg = Debug|Any CPU
		{12ACDBF6-A069-4056-9093-927DC473E200}.Debug|iPhoneSimulator.Build.0 = Debug|Any CPU
		{12ACDBF6-A069-4056-9093-927DC473E200}.Release|iPhone.ActiveCfg = Release|Any CPU
		{12ACDBF6-A069-4056-9093-927DC473E200}.Release|iPhone.Build.0 = Release|Any CPU
		{12ACDBF6-A069-4056-9093-927DC473E200}.Release|iPhoneSimulator.ActiveCfg = Release|Any CPU
		{12ACDBF6-A069-4056-9093-927DC473E200}.Release|iPhoneSimulator.Build.0 = Release|Any CPU
		{12ACDBF6-A069-4056-9093-927DC473E200}.Debug|iPhone.ActiveCfg = Debug|Any CPU
		{12ACDBF6-A069-4056-9093-927DC473E200}.Debug|iPhone.Build.0 = Debug|Any CPU
	EndGlobalSection
	GlobalSection(MonoDevelopProperties) = preSolution
		Policies = $0
		$0.DotNetNamingPolicy = $1
		$1.DirectoryNamespaceAssociation = PrefixedFlat
		$1.ResourceNamePolicy = FileFormatDefault
	EndGlobalSection
EndGlobal
